// !$*UTF8*$!
{
	archiveVersion = 1;
	classes = {
	};
	objectVersion = 50;
	objects = {

/* Begin PBXBuildFile section */
		7783B6F32439F0E4007D415B /* AppDelegate.swift in Sources */ = {isa = PBXBuildFile; fileRef = 7783B6F22439F0E4007D415B /* AppDelegate.swift */; };
		7783B6F52439F0E4007D415B /* SceneDelegate.swift in Sources */ = {isa = PBXBuildFile; fileRef = 7783B6F42439F0E4007D415B /* SceneDelegate.swift */; };
		7783B6F72439F0E4007D415B /* FirstViewController.swift in Sources */ = {isa = PBXBuildFile; fileRef = 7783B6F62439F0E4007D415B /* FirstViewController.swift */; };
		7783B6FA2439F0E4007D415B /* Main.storyboard in Resources */ = {isa = PBXBuildFile; fileRef = 7783B6F82439F0E4007D415B /* Main.storyboard */; };
		7783B6FC2439F0E6007D415B /* Assets.xcassets in Resources */ = {isa = PBXBuildFile; fileRef = 7783B6FB2439F0E6007D415B /* Assets.xcassets */; };
		7783B6FF2439F0E6007D415B /* LaunchScreen.storyboard in Resources */ = {isa = PBXBuildFile; fileRef = 7783B6FD2439F0E6007D415B /* LaunchScreen.storyboard */; };
		7783B7072439F2B3007D415B /* SecondViewController.swift in Sources */ = {isa = PBXBuildFile; fileRef = 7783B7062439F2B3007D415B /* SecondViewController.swift */; };
/* End PBXBuildFile section */

/* Begin PBXFileReference section */
		7783B6EF2439F0E4007D415B /* Course2Week5Task1.app */ = {isa = PBXFileReference; explicitFileType = wrapper.application; includeInIndex = 0; path = Course2Week5Task1.app; sourceTree = BUILT_PRODUCTS_DIR; };
		7783B6F22439F0E4007D415B /* AppDelegate.swift */ = {isa = PBXFileReference; lastKnownFileType = sourcecode.swift; path = AppDelegate.swift; sourceTree = "<group>"; };
		7783B6F42439F0E4007D415B /* SceneDelegate.swift */ = {isa = PBXFileReference; lastKnownFileType = sourcecode.swift; path = SceneDelegate.swift; sourceTree = "<group>"; };
		7783B6F62439F0E4007D415B /* FirstViewController.swift */ = {isa = PBXFileReference; lastKnownFileType = sourcecode.swift; path = FirstViewController.swift; sourceTree = "<group>"; };
		7783B6F92439F0E4007D415B /* Base */ = {isa = PBXFileReference; lastKnownFileType = file.storyboard; name = Base; path = Base.lproj/Main.storyboard; sourceTree = "<group>"; };
		7783B6FB2439F0E6007D415B /* Assets.xcassets */ = {isa = PBXFileReference; lastKnownFileType = folder.assetcatalog; path = Assets.xcassets; sourceTree = "<group>"; };
		7783B6FE2439F0E6007D415B /* Base */ = {isa = PBXFileReference; lastKnownFileType = file.storyboard; name = Base; path = Base.lproj/LaunchScreen.storyboard; sourceTree = "<group>"; };
		7783B7002439F0E6007D415B /* Info.plist */ = {isa = PBXFileReference; lastKnownFileType = text.plist.xml; path = Info.plist; sourceTree = "<group>"; };
		7783B7062439F2B3007D415B /* SecondViewController.swift */ = {isa = PBXFileReference; lastKnownFileType = sourcecode.swift; path = SecondViewController.swift; sourceTree = "<group>"; };
/* End PBXFileReference section */

/* Begin PBXFrameworksBuildPhase section */
		7783B6EC2439F0E4007D415B /* Frameworks */ = {
			isa = PBXFrameworksBuildPhase;
			buildActionMask = 2147483647;
			files = (
			);
			runOnlyForDeploymentPostprocessing = 0;
		};
/* End PBXFrameworksBuildPhase section */

/* Begin PBXGroup section */
		7783B6E62439F0E4007D415B = {
			isa = PBXGroup;
			children = (
				7783B6F12439F0E4007D415B /* Course2Week5Task1 */,
				7783B6F02439F0E4007D415B /* Products */,
			);
			sourceTree = "<group>";
		};
		7783B6F02439F0E4007D415B /* Products */ = {
			isa = PBXGroup;
			children = (
				7783B6EF2439F0E4007D415B /* Course2Week5Task1.app */,
			);
			name = Products;
			sourceTree = "<group>";
		};
		7783B6F12439F0E4007D415B /* Course2Week5Task1 */ = {
			isa = PBXGroup;
			children = (
				7783B6F22439F0E4007D415B /* AppDelegate.swift */,
				7783B6F42439F0E4007D415B /* SceneDelegate.swift */,
				7783B6F62439F0E4007D415B /* FirstViewController.swift */,
				7783B7062439F2B3007D415B /* SecondViewController.swift */,
				7783B6F82439F0E4007D415B /* Main.storyboard */,
				7783B6FB2439F0E6007D415B /* Assets.xcassets */,
				7783B6FD2439F0E6007D415B /* LaunchScreen.storyboard */,
				7783B7002439F0E6007D415B /* Info.plist */,
			);
			path = Course2Week5Task1;
			sourceTree = "<group>";
		};
/* End PBXGroup section */

/* Begin PBXNativeTarget section */
		7783B6EE2439F0E4007D415B /* Course2Week5Task1 */ = {
			isa = PBXNativeTarget;
			buildConfigurationList = 7783B7032439F0E6007D415B /* Build configuration list for PBXNativeTarget "Course2Week5Task1" */;
			buildPhases = (
				7783B6EB2439F0E4007D415B /* Sources */,
				7783B6EC2439F0E4007D415B /* Frameworks */,
				7783B6ED2439F0E4007D415B /* Resources */,
			);
			buildRules = (
			);
			dependencies = (
			);
			name = Course2Week5Task1;
			productName = Course2Week5Task1;
			productReference = 7783B6EF2439F0E4007D415B /* Course2Week5Task1.app */;
			productType = "com.apple.product-type.application";
		};
/* End PBXNativeTarget section */

/* Begin PBXProject section */
		7783B6E72439F0E4007D415B /* Project object */ = {
			isa = PBXProject;
			attributes = {
				LastSwiftUpdateCheck = 1130;
				LastUpgradeCheck = 1130;
				ORGANIZATIONNAME = mzhurba;
				TargetAttributes = {
					7783B6EE2439F0E4007D415B = {
						CreatedOnToolsVersion = 11.3;
					};
				};
			};
			buildConfigurationList = 7783B6EA2439F0E4007D415B /* Build configuration list for PBXProject "Course2Week5Task1" */;
			compatibilityVersion = "Xcode 9.3";
			developmentRegion = en;
			hasScannedForEncodings = 0;
			knownRegions = (
				en,
				Base,
			);
			mainGroup = 7783B6E62439F0E4007D415B;
			productRefGroup = 7783B6F02439F0E4007D415B /* Products */;
			projectDirPath = "";
			projectRoot = "";
			targets = (
				7783B6EE2439F0E4007D415B /* Course2Week5Task1 */,
			);
		};
/* End PBXProject section */

/* Begin PBXResourcesBuildPhase section */
		7783B6ED2439F0E4007D415B /* Resources */ = {
			isa = PBXResourcesBuildPhase;
			buildActionMask = 2147483647;
			files = (
				7783B6FF2439F0E6007D415B /* LaunchScreen.storyboard in Resources */,
				7783B6FC2439F0E6007D415B /* Assets.xcassets in Resources */,
				7783B6FA2439F0E4007D415B /* Main.storyboard in Resources */,
			);
			runOnlyForDeploymentPostprocessing = 0;
		};
/* End PBXResourcesBuildPhase section */

/* Begin PBXSourcesBuildPhase section */
		7783B6EB2439F0E4007D415B /* Sources */ = {
			isa = PBXSourcesBuildPhase;
			buildActionMask = 2147483647;
			files = (
				7783B7072439F2B3007D415B /* SecondViewController.swift in Sources */,
				7783B6F72439F0E4007D415B /* FirstViewController.swift in Sources */,
				7783B6F32439F0E4007D415B /* AppDelegate.swift in Sources */,
				7783B6F52439F0E4007D415B /* SceneDelegate.swift in Sources */,
			);
			runOnlyForDeploymentPostprocessing = 0;
		};
/* End PBXSourcesBuildPhase section */

/* Begin PBXVariantGroup section */
		7783B6F82439F0E4007D415B /* Main.storyboard */ = {
			isa = PBXVariantGroup;
			children = (
				7783B6F92439F0E4007D415B /* Base */,
			);
			name = Main.storyboard;
			sourceTree = "<group>";
		};
		7783B6FD2439F0E6007D415B /* LaunchScreen.storyboard */ = {
			isa = PBXVariantGroup;
			children = (
				7783B6FE2439F0E6007D415B /* Base */,
			);
			name = LaunchScreen.storyboard;
			sourceTree = "<group>";
		};
/* End PBXVariantGroup section */

/* Begin XCBuildConfiguration section */
		7783B7012439F0E6007D415B /* Debug */ = {
			isa = XCBuildConfiguration;
			buildSettings = {
				ALWAYS_SEARCH_USER_PATHS = NO;
				CLANG_ANALYZER_NONNULL = YES;
				CLANG_ANALYZER_NUMBER_OBJECT_CONVERSION = YES_AGGRESSIVE;
				CLANG_CXX_LANGUAGE_STANDARD = "gnu++14";
				CLANG_CXX_LIBRARY = "libc++";
				CLANG_ENABLE_MODULES = YES;
				CLANG_ENABLE_OBJC_ARC = YES;
				CLANG_ENABLE_OBJC_WEAK = YES;
				CLANG_WARN_BLOCK_CAPTURE_AUTORELEASING = YES;
				CLANG_WARN_BOOL_CONVERSION = YES;
				CLANG_WARN_COMMA = YES;
				CLANG_WARN_CONSTANT_CONVERSION = YES;
				CLANG_WARN_DEPRECATED_OBJC_IMPLEMENTATIONS = YES;
				CLANG_WARN_DIRECT_OBJC_ISA_USAGE = YES_ERROR;
				CLANG_WARN_DOCUMENTATION_COMMENTS = YES;
				CLANG_WARN_EMPTY_BODY = YES;
				CLANG_WARN_ENUM_CONVERSION = YES;
				CLANG_WARN_INFINITE_RECURSION = YES;
				CLANG_WARN_INT_CONVERSION = YES;
				CLANG_WARN_NON_LITERAL_NULL_CONVERSION = YES;
				CLANG_WARN_OBJC_IMPLICIT_RETAIN_SELF = YES;
				CLANG_WARN_OBJC_LITERAL_CONVERSION = YES;
				CLANG_WARN_OBJC_ROOT_CLASS = YES_ERROR;
				CLANG_WARN_RANGE_LOOP_ANALYSIS = YES;
				CLANG_WARN_STRICT_PROTOTYPES = YES;
				CLANG_WARN_SUSPICIOUS_MOVE = YES;
				CLANG_WARN_UNGUARDED_AVAILABILITY = YES_AGGRESSIVE;
				CLANG_WARN_UNREACHABLE_CODE = YES;
				CLANG_WARN__DUPLICATE_METHOD_MATCH = YES;
				COPY_PHASE_STRIP = NO;
				DEBUG_INFORMATION_FORMAT = dwarf;
				ENABLE_STRICT_OBJC_MSGSEND = YES;
				ENABLE_TESTABILITY = YES;
				GCC_C_LANGUAGE_STANDARD = gnu11;
				GCC_DYNAMIC_NO_PIC = NO;
				GCC_NO_COMMON_BLOCKS = YES;
				GCC_OPTIMIZATION_LEVEL = 0;
				GCC_PREPROCESSOR_DEFINITIONS = (
					"DEBUG=1",
					"$(inherited)",
				);
				GCC_WARN_64_TO_32_BIT_CONVERSION = YES;
				GCC_WARN_ABOUT_RETURN_TYPE = YES_ERROR;
				GCC_WARN_UNDECLARED_SELECTOR = YES;
				GCC_WARN_UNINITIALIZED_AUTOS = YES_AGGRESSIVE;
				GCC_WARN_UNUSED_FUNCTION = YES;
				GCC_WARN_UNUSED_VARIABLE = YES;
				IPHONEOS_DEPLOYMENT_TARGET = 13.2;
				MTL_ENABLE_DEBUG_INFO = INCLUDE_SOURCE;
				MTL_FAST_MATH = YES;
				ONLY_ACTIVE_ARCH = YES;
				SDKROOT = iphoneos;
				SWIFT_ACTIVE_COMPILATION_CONDITIONS = DEBUG;
				SWIFT_OPTIMIZATION_LEVEL = "-Onone";
			};
			name = Debug;
		};
		7783B7022439F0E6007D415B /* Release */ = {
			isa = XCBuildConfiguration;
			buildSettings = {
				ALWAYS_SEARCH_USER_PATHS = NO;
				CLANG_ANALYZER_NONNULL = YES;
				CLANG_ANALYZER_NUMBER_OBJECT_CONVERSION = YES_AGGRESSIVE;
				CLANG_CXX_LANGUAGE_STANDARD = "gnu++14";
				CLANG_CXX_LIBRARY = "libc++";
				CLANG_ENABLE_MODULES = YES;
				CLANG_ENABLE_OBJC_ARC = YES;
				CLANG_ENABLE_OBJC_WEAK = YES;
				CLANG_WARN_BLOCK_CAPTURE_AUTORELEASING = YES;
				CLANG_WARN_BOOL_CONVERSION = YES;
				CLANG_WARN_COMMA = YES;
				CLANG_WARN_CONSTANT_CONVERSION = YES;
				CLANG_WARN_DEPRECATED_OBJC_IMPLEMENTATIONS = YES;
				CLANG_WARN_DIRECT_OBJC_ISA_USAGE = YES_ERROR;
				CLANG_WARN_DOCUMENTATION_COMMENTS = YES;
				CLANG_WARN_EMPTY_BODY = YES;
				CLANG_WARN_ENUM_CONVERSION = YES;
				CLANG_WARN_INFINITE_RECURSION = YES;
				CLANG_WARN_INT_CONVERSION = YES;
				CLANG_WARN_NON_LITERAL_NULL_CONVERSION = YES;
				CLANG_WARN_OBJC_IMPLICIT_RETAIN_SELF = YES;
				CLANG_WARN_OBJC_LITERAL_CONVERSION = YES;
				CLANG_WARN_OBJC_ROOT_CLASS = YES_ERROR;
				CLANG_WARN_RANGE_LOOP_ANALYSIS = YES;
				CLANG_WARN_STRICT_PROTOTYPES = YES;
				CLANG_WARN_SUSPICIOUS_MOVE = YES;
				CLANG_WARN_UNGUARDED_AVAILABILITY = YES_AGGRESSIVE;
				CLANG_WARN_UNREACHABLE_CODE = YES;
				CLANG_WARN__DUPLICATE_METHOD_MATCH = YES;
				COPY_PHASE_STRIP = NO;
				DEBUG_INFORMATION_FORMAT = "dwarf-with-dsym";
				ENABLE_NS_ASSERTIONS = NO;
				ENABLE_STRICT_OBJC_MSGSEND = YES;
				GCC_C_LANGUAGE_STANDARD = gnu11;
				GCC_NO_COMMON_BLOCKS = YES;
				GCC_WARN_64_TO_32_BIT_CONVERSION = YES;
				GCC_WARN_ABOUT_RETURN_TYPE = YES_ERROR;
				GCC_WARN_UNDECLARED_SELECTOR = YES;
				GCC_WARN_UNINITIALIZED_AUTOS = YES_AGGRESSIVE;
				GCC_WARN_UNUSED_FUNCTION = YES;
				GCC_WARN_UNUSED_VARIABLE = YES;
				IPHONEOS_DEPLOYMENT_TARGET = 13.2;
				MTL_ENABLE_DEBUG_INFO = NO;
				MTL_FAST_MATH = YES;
				SDKROOT = iphoneos;
				SWIFT_COMPILATION_MODE = wholemodule;
				SWIFT_OPTIMIZATION_LEVEL = "-O";
				VALIDATE_PRODUCT = YES;
			};
			name = Release;
		};
		7783B7042439F0E6007D415B /* Debug */ = {
			isa = XCBuildConfiguration;
			buildSettings = {
				ASSETCATALOG_COMPILER_APPICON_NAME = AppIcon;
				CODE_SIGN_STYLE = Automatic;
				DEVELOPMENT_TEAM = LA74W2Y6CY;
				INFOPLIST_FILE = Course2Week5Task1/Info.plist;
				LD_RUNPATH_SEARCH_PATHS = (
					"$(inherited)",
					"@executable_path/Frameworks",
				);
				PRODUCT_BUNDLE_IDENTIFIER = mzhurba.Course2Week5Task1;
				PRODUCT_NAME = "$(TARGET_NAME)";
				SWIFT_VERSION = 5.0;
				TARGETED_DEVICE_FAMILY = 1;
			};
			name = Debug;
		};
		7783B7052439F0E6007D415B /* Release */ = {
			isa = XCBuildConfiguration;
			buildSettings = {
				ASSETCATALOG_COMPILER_APPICON_NAME = AppIcon;
				CODE_SIGN_STYLE = Automatic;
				DEVELOPMENT_TEAM = LA74W2Y6CY;
				INFOPLIST_FILE = Course2Week5Task1/Info.plist;
				LD_RUNPATH_SEARCH_PATHS = (
					"$(inherited)",
					"@executable_path/Frameworks",
				);
				PRODUCT_BUNDLE_IDENTIFIER = mzhurba.Course2Week5Task1;
				PRODUCT_NAME = "$(TARGET_NAME)";
				SWIFT_VERSION = 5.0;
				TARGETED_DEVICE_FAMILY = 1;
			};
			name = Release;
		};
/* End XCBuildConfiguration section */

/* Begin XCConfigurationList section */
		7783B6EA2439F0E4007D415B /* Build configuration list for PBXProject "Course2Week5Task1" */ = {
			isa = XCConfigurationList;
			buildConfigurations = (
				7783B7012439F0E6007D415B /* Debug */,
				7783B7022439F0E6007D415B /* Release */,
			);
			defaultConfigurationIsVisible = 0;
			defaultConfigurationName = Release;
		};
		7783B7032439F0E6007D415B /* Build configuration list for PBXNativeTarget "Course2Week5Task1" */ = {
			isa = XCConfigurationList;
			buildConfigurations = (
				7783B7042439F0E6007D415B /* Debug */,
				7783B7052439F0E6007D415B /* Release */,
			);
			defaultConfigurationIsVisible = 0;
			defaultConfigurationName = Release;
		};
/* End XCConfigurationList section */
	};
	rootObject = 7783B6E72439F0E4007D415B /* Project object */;
}
