// !$*UTF8*$!
{
	archiveVersion = 1;
	classes = {
	};
	objectVersion = 48;
	objects = {

/* Begin PBXBuildFile section */
		1AFDC91143AE18D643EE6543 /* Pods_Course2FinalTask.framework in Frameworks */ = {isa = PBXBuildFile; fileRef = 06C327DB2BE87290E6BD7EA3 /* Pods_Course2FinalTask.framework */; };
		7484B05420441FD000BDE1A6 /* DataProvider.framework in Frameworks */ = {isa = PBXBuildFile; fileRef = 7484B05320441FD000BDE1A6 /* DataProvider.framework */; };
		7484B05520441FD000BDE1A6 /* DataProvider.framework in Embed Frameworks */ = {isa = PBXBuildFile; fileRef = 7484B05320441FD000BDE1A6 /* DataProvider.framework */; settings = {ATTRIBUTES = (CodeSignOnCopy, RemoveHeadersOnCopy, ); }; };
		74B79258202B3254006BCB41 /* AppDelegate.swift in Sources */ = {isa = PBXBuildFile; fileRef = 74B79257202B3254006BCB41 /* AppDelegate.swift */; };
		74B7925F202B3254006BCB41 /* Assets.xcassets in Resources */ = {isa = PBXBuildFile; fileRef = 74B7925E202B3254006BCB41 /* Assets.xcassets */; };
		7728A06224CA11A10005A30F /* Post+Mutating.swift in Sources */ = {isa = PBXBuildFile; fileRef = 7728A06124CA11A10005A30F /* Post+Mutating.swift */; };
		7728A06424CA25C60005A30F /* LoaderView.xib in Resources */ = {isa = PBXBuildFile; fileRef = 7728A06324CA25C60005A30F /* LoaderView.xib */; };
		7728A06624CA25D20005A30F /* LoaderView.swift in Sources */ = {isa = PBXBuildFile; fileRef = 7728A06524CA25D20005A30F /* LoaderView.swift */; };
		7729E8172454250E00BA0A52 /* ListViewController.swift in Sources */ = {isa = PBXBuildFile; fileRef = 7729E8162454250E00BA0A52 /* ListViewController.swift */; };
		7729E8192454254F00BA0A52 /* List.storyboard in Resources */ = {isa = PBXBuildFile; fileRef = 7729E8182454254F00BA0A52 /* List.storyboard */; };
		7729E81C245437B500BA0A52 /* ListTableViewCell.swift in Sources */ = {isa = PBXBuildFile; fileRef = 7729E81B245437B500BA0A52 /* ListTableViewCell.swift */; };
		7729E81E245437F200BA0A52 /* ListTableViewCell.xib in Resources */ = {isa = PBXBuildFile; fileRef = 7729E81D245437F200BA0A52 /* ListTableViewCell.xib */; };
		7729E8252454603600BA0A52 /* ProfileTopView.swift in Sources */ = {isa = PBXBuildFile; fileRef = 7729E8242454603600BA0A52 /* ProfileTopView.swift */; };
		7729E8272454603F00BA0A52 /* ProfileTopView.xib in Resources */ = {isa = PBXBuildFile; fileRef = 7729E8262454603F00BA0A52 /* ProfileTopView.xib */; };
		7729E82B24549D1400BA0A52 /* PostCell.swift in Sources */ = {isa = PBXBuildFile; fileRef = 7729E82924549D1400BA0A52 /* PostCell.swift */; };
		7729E82C24549D1400BA0A52 /* PostCell.xib in Resources */ = {isa = PBXBuildFile; fileRef = 7729E82A24549D1400BA0A52 /* PostCell.xib */; };
		777D0723244DBCA20076617A /* Main.storyboard in Resources */ = {isa = PBXBuildFile; fileRef = 777D0722244DBCA20076617A /* Main.storyboard */; };
		777D0725244DBD310076617A /* FeedViewController.swift in Sources */ = {isa = PBXBuildFile; fileRef = 777D0724244DBD310076617A /* FeedViewController.swift */; };
		777D0727244DBD3A0076617A /* ProfileViewController.swift in Sources */ = {isa = PBXBuildFile; fileRef = 777D0726244DBD3A0076617A /* ProfileViewController.swift */; };
		777D0769244DC0FB0076617A /* Launchscreen.storyboard in Resources */ = {isa = PBXBuildFile; fileRef = 777D0768244DC0FB0076617A /* Launchscreen.storyboard */; };
		777D0771244DCFB20076617A /* FeedCell.swift in Sources */ = {isa = PBXBuildFile; fileRef = 777D076F244DCFB20076617A /* FeedCell.swift */; };
		777D0772244DCFB20076617A /* FeedCell.xib in Resources */ = {isa = PBXBuildFile; fileRef = 777D0770244DCFB20076617A /* FeedCell.xib */; };
		777D0774244DE13B0076617A /* Feed.storyboard in Resources */ = {isa = PBXBuildFile; fileRef = 777D0773244DE13B0076617A /* Feed.storyboard */; };
		777D0778244DF0F30076617A /* Profile.storyboard in Resources */ = {isa = PBXBuildFile; fileRef = 777D0777244DF0F30076617A /* Profile.storyboard */; };
		77E6D17324C45B9F0026D7CD /* SegueHandler.swift in Sources */ = {isa = PBXBuildFile; fileRef = 77E6D17224C45B9F0026D7CD /* SegueHandler.swift */; };
		77E6D17524C45BD80026D7CD /* BaseViewController.swift in Sources */ = {isa = PBXBuildFile; fileRef = 77E6D17424C45BD80026D7CD /* BaseViewController.swift */; };
		77E6D17824C45E030026D7CD /* UIViewController+Alert.swift in Sources */ = {isa = PBXBuildFile; fileRef = 77E6D17724C45E030026D7CD /* UIViewController+Alert.swift */; };
		77EEAB6324C48D11004CA746 /* KDataProvider.swift in Sources */ = {isa = PBXBuildFile; fileRef = 77EEAB6224C48D11004CA746 /* KDataProvider.swift */; };
/* End PBXBuildFile section */

/* Begin PBXCopyFilesBuildPhase section */
		74B7927A202B33EA006BCB41 /* Embed Frameworks */ = {
			isa = PBXCopyFilesBuildPhase;
			buildActionMask = 2147483647;
			dstPath = "";
			dstSubfolderSpec = 10;
			files = (
				7484B05520441FD000BDE1A6 /* DataProvider.framework in Embed Frameworks */,
			);
			name = "Embed Frameworks";
			runOnlyForDeploymentPostprocessing = 0;
		};
/* End PBXCopyFilesBuildPhase section */

/* Begin PBXFileReference section */
		06C327DB2BE87290E6BD7EA3 /* Pods_Course2FinalTask.framework */ = {isa = PBXFileReference; explicitFileType = wrapper.framework; includeInIndex = 0; path = Pods_Course2FinalTask.framework; sourceTree = BUILT_PRODUCTS_DIR; };
		333B526503041405B40250D4 /* Pods-Course2FinalTask.debug.xcconfig */ = {isa = PBXFileReference; includeInIndex = 1; lastKnownFileType = text.xcconfig; name = "Pods-Course2FinalTask.debug.xcconfig"; path = "Target Support Files/Pods-Course2FinalTask/Pods-Course2FinalTask.debug.xcconfig"; sourceTree = "<group>"; };
		7484B05320441FD000BDE1A6 /* DataProvider.framework */ = {isa = PBXFileReference; lastKnownFileType = wrapper.framework; path = DataProvider.framework; sourceTree = "<group>"; };
		74B79254202B3254006BCB41 /* Course2FinalTask.app */ = {isa = PBXFileReference; explicitFileType = wrapper.application; includeInIndex = 0; path = Course2FinalTask.app; sourceTree = BUILT_PRODUCTS_DIR; };
		74B79257202B3254006BCB41 /* AppDelegate.swift */ = {isa = PBXFileReference; lastKnownFileType = sourcecode.swift; path = AppDelegate.swift; sourceTree = "<group>"; };
		74B7925E202B3254006BCB41 /* Assets.xcassets */ = {isa = PBXFileReference; lastKnownFileType = folder.assetcatalog; path = Assets.xcassets; sourceTree = "<group>"; };
		74B79263202B3254006BCB41 /* Info.plist */ = {isa = PBXFileReference; lastKnownFileType = text.plist.xml; path = Info.plist; sourceTree = "<group>"; };
		7728A06124CA11A10005A30F /* Post+Mutating.swift */ = {isa = PBXFileReference; lastKnownFileType = sourcecode.swift; path = "Post+Mutating.swift"; sourceTree = "<group>"; };
		7728A06324CA25C60005A30F /* LoaderView.xib */ = {isa = PBXFileReference; lastKnownFileType = file.xib; path = LoaderView.xib; sourceTree = "<group>"; };
		7728A06524CA25D20005A30F /* LoaderView.swift */ = {isa = PBXFileReference; lastKnownFileType = sourcecode.swift; path = LoaderView.swift; sourceTree = "<group>"; };
		7729E8162454250E00BA0A52 /* ListViewController.swift */ = {isa = PBXFileReference; lastKnownFileType = sourcecode.swift; path = ListViewController.swift; sourceTree = "<group>"; };
		7729E8182454254F00BA0A52 /* List.storyboard */ = {isa = PBXFileReference; lastKnownFileType = file.storyboard; path = List.storyboard; sourceTree = "<group>"; };
		7729E81B245437B500BA0A52 /* ListTableViewCell.swift */ = {isa = PBXFileReference; lastKnownFileType = sourcecode.swift; path = ListTableViewCell.swift; sourceTree = "<group>"; };
		7729E81D245437F200BA0A52 /* ListTableViewCell.xib */ = {isa = PBXFileReference; lastKnownFileType = file.xib; path = ListTableViewCell.xib; sourceTree = "<group>"; };
		7729E8242454603600BA0A52 /* ProfileTopView.swift */ = {isa = PBXFileReference; lastKnownFileType = sourcecode.swift; path = ProfileTopView.swift; sourceTree = "<group>"; };
		7729E8262454603F00BA0A52 /* ProfileTopView.xib */ = {isa = PBXFileReference; lastKnownFileType = file.xib; path = ProfileTopView.xib; sourceTree = "<group>"; };
		7729E82924549D1400BA0A52 /* PostCell.swift */ = {isa = PBXFileReference; lastKnownFileType = sourcecode.swift; path = PostCell.swift; sourceTree = "<group>"; };
		7729E82A24549D1400BA0A52 /* PostCell.xib */ = {isa = PBXFileReference; lastKnownFileType = file.xib; path = PostCell.xib; sourceTree = "<group>"; };
		777D0722244DBCA20076617A /* Main.storyboard */ = {isa = PBXFileReference; lastKnownFileType = file.storyboard; path = Main.storyboard; sourceTree = "<group>"; };
		777D0724244DBD310076617A /* FeedViewController.swift */ = {isa = PBXFileReference; lastKnownFileType = sourcecode.swift; path = FeedViewController.swift; sourceTree = "<group>"; };
		777D0726244DBD3A0076617A /* ProfileViewController.swift */ = {isa = PBXFileReference; lastKnownFileType = sourcecode.swift; path = ProfileViewController.swift; sourceTree = "<group>"; };
		777D0768244DC0FB0076617A /* Launchscreen.storyboard */ = {isa = PBXFileReference; lastKnownFileType = file.storyboard; path = Launchscreen.storyboard; sourceTree = "<group>"; };
		777D076F244DCFB20076617A /* FeedCell.swift */ = {isa = PBXFileReference; lastKnownFileType = sourcecode.swift; path = FeedCell.swift; sourceTree = "<group>"; };
		777D0770244DCFB20076617A /* FeedCell.xib */ = {isa = PBXFileReference; lastKnownFileType = file.xib; path = FeedCell.xib; sourceTree = "<group>"; };
		777D0773244DE13B0076617A /* Feed.storyboard */ = {isa = PBXFileReference; fileEncoding = 4; lastKnownFileType = file.storyboard; path = Feed.storyboard; sourceTree = "<group>"; };
		777D0777244DF0F30076617A /* Profile.storyboard */ = {isa = PBXFileReference; fileEncoding = 4; lastKnownFileType = file.storyboard; path = Profile.storyboard; sourceTree = "<group>"; };
		77E6D17224C45B9F0026D7CD /* SegueHandler.swift */ = {isa = PBXFileReference; lastKnownFileType = sourcecode.swift; path = SegueHandler.swift; sourceTree = "<group>"; };
		77E6D17424C45BD80026D7CD /* BaseViewController.swift */ = {isa = PBXFileReference; lastKnownFileType = sourcecode.swift; path = BaseViewController.swift; sourceTree = "<group>"; };
		77E6D17724C45E030026D7CD /* UIViewController+Alert.swift */ = {isa = PBXFileReference; lastKnownFileType = sourcecode.swift; path = "UIViewController+Alert.swift"; sourceTree = "<group>"; };
		77EEAB6224C48D11004CA746 /* KDataProvider.swift */ = {isa = PBXFileReference; lastKnownFileType = sourcecode.swift; path = KDataProvider.swift; sourceTree = "<group>"; };
		A116E96F136FF082398B82BE /* Pods-Course2FinalTask.release.xcconfig */ = {isa = PBXFileReference; includeInIndex = 1; lastKnownFileType = text.xcconfig; name = "Pods-Course2FinalTask.release.xcconfig"; path = "Target Support Files/Pods-Course2FinalTask/Pods-Course2FinalTask.release.xcconfig"; sourceTree = "<group>"; };
/* End PBXFileReference section */

/* Begin PBXFrameworksBuildPhase section */
		74B79251202B3254006BCB41 /* Frameworks */ = {
			isa = PBXFrameworksBuildPhase;
			buildActionMask = 2147483647;
			files = (
				7484B05420441FD000BDE1A6 /* DataProvider.framework in Frameworks */,
				1AFDC91143AE18D643EE6543 /* Pods_Course2FinalTask.framework in Frameworks */,
			);
			runOnlyForDeploymentPostprocessing = 0;
		};
/* End PBXFrameworksBuildPhase section */

/* Begin PBXGroup section */
		4FD16AA730020EFCEEB594C2 /* Pods */ = {
			isa = PBXGroup;
			children = (
				333B526503041405B40250D4 /* Pods-Course2FinalTask.debug.xcconfig */,
				A116E96F136FF082398B82BE /* Pods-Course2FinalTask.release.xcconfig */,
			);
			path = Pods;
			sourceTree = "<group>";
		};
		677B7579337CF9ABF3A39A4C /* Frameworks */ = {
			isa = PBXGroup;
			children = (
				06C327DB2BE87290E6BD7EA3 /* Pods_Course2FinalTask.framework */,
			);
			name = Frameworks;
			sourceTree = "<group>";
		};
		74B7924B202B3254006BCB41 = {
			isa = PBXGroup;
			children = (
				74B79256202B3254006BCB41 /* Course2FinalTask */,
				7484B05320441FD000BDE1A6 /* DataProvider.framework */,
				74B79255202B3254006BCB41 /* Products */,
				4FD16AA730020EFCEEB594C2 /* Pods */,
				677B7579337CF9ABF3A39A4C /* Frameworks */,
			);
			sourceTree = "<group>";
		};
		74B79255202B3254006BCB41 /* Products */ = {
			isa = PBXGroup;
			children = (
				74B79254202B3254006BCB41 /* Course2FinalTask.app */,
			);
			name = Products;
			sourceTree = "<group>";
		};
		74B79256202B3254006BCB41 /* Course2FinalTask */ = {
			isa = PBXGroup;
			children = (
				74B7927B202B3427006BCB41 /* Code */,
				74B7927C202B342E006BCB41 /* Resources */,
				74B7927D202B3434006BCB41 /* Supporting Files */,
			);
			path = Course2FinalTask;
			sourceTree = "<group>";
		};
		74B7927B202B3427006BCB41 /* Code */ = {
			isa = PBXGroup;
			children = (
				77EEAB6124C48D03004CA746 /* KFoundation */,
				77E6D17624C45DF30026D7CD /* Extensions */,
				77E6D17124C45B950026D7CD /* KUIKit */,
				7729E815245424FA00BA0A52 /* List */,
				777D0776244DF0E30076617A /* Profile */,
				777D076A244DC2630076617A /* Feed */,
				74B79257202B3254006BCB41 /* AppDelegate.swift */,
			);
			path = Code;
			sourceTree = "<group>";
		};
		74B7927C202B342E006BCB41 /* Resources */ = {
			isa = PBXGroup;
			children = (
				777D0722244DBCA20076617A /* Main.storyboard */,
				777D0768244DC0FB0076617A /* Launchscreen.storyboard */,
				74B7925E202B3254006BCB41 /* Assets.xcassets */,
			);
			path = Resources;
			sourceTree = "<group>";
		};
		74B7927D202B3434006BCB41 /* Supporting Files */ = {
			isa = PBXGroup;
			children = (
				74B79263202B3254006BCB41 /* Info.plist */,
			);
			path = "Supporting Files";
			sourceTree = "<group>";
		};
		7729E815245424FA00BA0A52 /* List */ = {
			isa = PBXGroup;
			children = (
				7729E81A2454378F00BA0A52 /* Cell */,
				7729E8162454250E00BA0A52 /* ListViewController.swift */,
				7729E8182454254F00BA0A52 /* List.storyboard */,
			);
			path = List;
			sourceTree = "<group>";
		};
		7729E81A2454378F00BA0A52 /* Cell */ = {
			isa = PBXGroup;
			children = (
				7729E81B245437B500BA0A52 /* ListTableViewCell.swift */,
				7729E81D245437F200BA0A52 /* ListTableViewCell.xib */,
			);
			path = Cell;
			sourceTree = "<group>";
		};
		7729E81F245454DD00BA0A52 /* TopView */ = {
			isa = PBXGroup;
			children = (
				7729E8242454603600BA0A52 /* ProfileTopView.swift */,
				7729E8262454603F00BA0A52 /* ProfileTopView.xib */,
			);
			path = TopView;
			sourceTree = "<group>";
		};
		7729E82824549CB500BA0A52 /* PostCell */ = {
			isa = PBXGroup;
			children = (
				7729E82924549D1400BA0A52 /* PostCell.swift */,
				7729E82A24549D1400BA0A52 /* PostCell.xib */,
			);
			path = PostCell;
			sourceTree = "<group>";
		};
		777D076A244DC2630076617A /* Feed */ = {
			isa = PBXGroup;
			children = (
				777D0775244DE35F0076617A /* Cell */,
				777D0724244DBD310076617A /* FeedViewController.swift */,
				777D0773244DE13B0076617A /* Feed.storyboard */,
			);
			path = Feed;
			sourceTree = "<group>";
		};
		777D0775244DE35F0076617A /* Cell */ = {
			isa = PBXGroup;
			children = (
				777D076F244DCFB20076617A /* FeedCell.swift */,
				777D0770244DCFB20076617A /* FeedCell.xib */,
			);
			path = Cell;
			sourceTree = "<group>";
		};
		777D0776244DF0E30076617A /* Profile */ = {
			isa = PBXGroup;
			children = (
				7729E82824549CB500BA0A52 /* PostCell */,
				7729E81F245454DD00BA0A52 /* TopView */,
				777D0726244DBD3A0076617A /* ProfileViewController.swift */,
				777D0777244DF0F30076617A /* Profile.storyboard */,
			);
			path = Profile;
			sourceTree = "<group>";
		};
		77E6D17124C45B950026D7CD /* KUIKit */ = {
			isa = PBXGroup;
			children = (
				77E6D17224C45B9F0026D7CD /* SegueHandler.swift */,
				77E6D17424C45BD80026D7CD /* BaseViewController.swift */,
				7728A06524CA25D20005A30F /* LoaderView.swift */,
				7728A06324CA25C60005A30F /* LoaderView.xib */,
			);
			path = KUIKit;
			sourceTree = "<group>";
		};
		77E6D17624C45DF30026D7CD /* Extensions */ = {
			isa = PBXGroup;
			children = (
				77E6D17724C45E030026D7CD /* UIViewController+Alert.swift */,
			);
			path = Extensions;
			sourceTree = "<group>";
		};
		77EEAB6124C48D03004CA746 /* KFoundation */ = {
			isa = PBXGroup;
			children = (
				77EEAB6224C48D11004CA746 /* KDataProvider.swift */,
				7728A06124CA11A10005A30F /* Post+Mutating.swift */,
			);
			path = KFoundation;
			sourceTree = "<group>";
		};
/* End PBXGroup section */

/* Begin PBXNativeTarget section */
		74B79253202B3254006BCB41 /* Course2FinalTask */ = {
			isa = PBXNativeTarget;
			buildConfigurationList = 74B79266202B3254006BCB41 /* Build configuration list for PBXNativeTarget "Course2FinalTask" */;
			buildPhases = (
				89D723218C02EB6D939BF5BE /* [CP] Check Pods Manifest.lock */,
				74B79250202B3254006BCB41 /* Sources */,
				74B79251202B3254006BCB41 /* Frameworks */,
				74B79252202B3254006BCB41 /* Resources */,
				74B7927A202B33EA006BCB41 /* Embed Frameworks */,
				DFFD80994A0E7F847418030C /* [CP] Embed Pods Frameworks */,
			);
			buildRules = (
			);
			dependencies = (
			);
			name = Course2FinalTask;
			productName = Course2Week3FinalTask;
			productReference = 74B79254202B3254006BCB41 /* Course2FinalTask.app */;
			productType = "com.apple.product-type.application";
		};
/* End PBXNativeTarget section */

/* Begin PBXProject section */
		74B7924C202B3254006BCB41 /* Project object */ = {
			isa = PBXProject;
			attributes = {
				LastSwiftUpdateCheck = 0920;
				LastUpgradeCheck = 1100;
				ORGANIZATIONNAME = "e-Legion";
				TargetAttributes = {
					74B79253202B3254006BCB41 = {
						CreatedOnToolsVersion = 9.2;
						LastSwiftMigration = 1100;
						ProvisioningStyle = Automatic;
					};
				};
			};
			buildConfigurationList = 74B7924F202B3254006BCB41 /* Build configuration list for PBXProject "Course2FinalTask" */;
			compatibilityVersion = "Xcode 8.0";
			developmentRegion = en;
			hasScannedForEncodings = 0;
			knownRegions = (
				en,
				Base,
			);
			mainGroup = 74B7924B202B3254006BCB41;
			productRefGroup = 74B79255202B3254006BCB41 /* Products */;
			projectDirPath = "";
			projectRoot = "";
			targets = (
				74B79253202B3254006BCB41 /* Course2FinalTask */,
			);
		};
/* End PBXProject section */

/* Begin PBXResourcesBuildPhase section */
		74B79252202B3254006BCB41 /* Resources */ = {
			isa = PBXResourcesBuildPhase;
			buildActionMask = 2147483647;
			files = (
				777D0778244DF0F30076617A /* Profile.storyboard in Resources */,
				777D0774244DE13B0076617A /* Feed.storyboard in Resources */,
				777D0769244DC0FB0076617A /* Launchscreen.storyboard in Resources */,
				7729E8192454254F00BA0A52 /* List.storyboard in Resources */,
				74B7925F202B3254006BCB41 /* Assets.xcassets in Resources */,
				7729E8272454603F00BA0A52 /* ProfileTopView.xib in Resources */,
				777D0723244DBCA20076617A /* Main.storyboard in Resources */,
				7729E82C24549D1400BA0A52 /* PostCell.xib in Resources */,
				7729E81E245437F200BA0A52 /* ListTableViewCell.xib in Resources */,
				7728A06424CA25C60005A30F /* LoaderView.xib in Resources */,
				777D0772244DCFB20076617A /* FeedCell.xib in Resources */,
			);
			runOnlyForDeploymentPostprocessing = 0;
		};
/* End PBXResourcesBuildPhase section */

/* Begin PBXShellScriptBuildPhase section */
		89D723218C02EB6D939BF5BE /* [CP] Check Pods Manifest.lock */ = {
			isa = PBXShellScriptBuildPhase;
			buildActionMask = 2147483647;
			files = (
			);
			inputFileListPaths = (
			);
			inputPaths = (
				"${PODS_PODFILE_DIR_PATH}/Podfile.lock",
				"${PODS_ROOT}/Manifest.lock",
			);
			name = "[CP] Check Pods Manifest.lock";
			outputFileListPaths = (
			);
			outputPaths = (
				"$(DERIVED_FILE_DIR)/Pods-Course2FinalTask-checkManifestLockResult.txt",
			);
			runOnlyForDeploymentPostprocessing = 0;
			shellPath = /bin/sh;
			shellScript = "diff \"${PODS_PODFILE_DIR_PATH}/Podfile.lock\" \"${PODS_ROOT}/Manifest.lock\" > /dev/null\nif [ $? != 0 ] ; then\n    # print error to STDERR\n    echo \"error: The sandbox is not in sync with the Podfile.lock. Run 'pod install' or update your CocoaPods installation.\" >&2\n    exit 1\nfi\n# This output is used by Xcode 'outputs' to avoid re-running this script phase.\necho \"SUCCESS\" > \"${SCRIPT_OUTPUT_FILE_0}\"\n";
			showEnvVarsInLog = 0;
		};
		DFFD80994A0E7F847418030C /* [CP] Embed Pods Frameworks */ = {
			isa = PBXShellScriptBuildPhase;
			buildActionMask = 2147483647;
			files = (
			);
			inputPaths = (
				"${PODS_ROOT}/Target Support Files/Pods-Course2FinalTask/Pods-Course2FinalTask-frameworks.sh",
				"${BUILT_PRODUCTS_DIR}/BrightFutures/BrightFutures.framework",
			);
			name = "[CP] Embed Pods Frameworks";
			outputPaths = (
				"${TARGET_BUILD_DIR}/${FRAMEWORKS_FOLDER_PATH}/BrightFutures.framework",
			);
			runOnlyForDeploymentPostprocessing = 0;
			shellPath = /bin/sh;
			shellScript = "\"${PODS_ROOT}/Target Support Files/Pods-Course2FinalTask/Pods-Course2FinalTask-frameworks.sh\"\n";
			showEnvVarsInLog = 0;
		};
/* End PBXShellScriptBuildPhase section */

/* Begin PBXSourcesBuildPhase section */
		74B79250202B3254006BCB41 /* Sources */ = {
			isa = PBXSourcesBuildPhase;
			buildActionMask = 2147483647;
			files = (
				7729E8252454603600BA0A52 /* ProfileTopView.swift in Sources */,
				7729E81C245437B500BA0A52 /* ListTableViewCell.swift in Sources */,
				7728A06224CA11A10005A30F /* Post+Mutating.swift in Sources */,
				7728A06624CA25D20005A30F /* LoaderView.swift in Sources */,
				77EEAB6324C48D11004CA746 /* KDataProvider.swift in Sources */,
				777D0727244DBD3A0076617A /* ProfileViewController.swift in Sources */,
				77E6D17324C45B9F0026D7CD /* SegueHandler.swift in Sources */,
				77E6D17824C45E030026D7CD /* UIViewController+Alert.swift in Sources */,
				7729E8172454250E00BA0A52 /* ListViewController.swift in Sources */,
				77E6D17524C45BD80026D7CD /* BaseViewController.swift in Sources */,
				777D0771244DCFB20076617A /* FeedCell.swift in Sources */,
				777D0725244DBD310076617A /* FeedViewController.swift in Sources */,
				74B79258202B3254006BCB41 /* AppDelegate.swift in Sources */,
				7729E82B24549D1400BA0A52 /* PostCell.swift in Sources */,
			);
			runOnlyForDeploymentPostprocessing = 0;
		};
/* End PBXSourcesBuildPhase section */

/* Begin XCBuildConfiguration section */
		74B79264202B3254006BCB41 /* Debug */ = {
			isa = XCBuildConfiguration;
			buildSettings = {
				ALWAYS_SEARCH_USER_PATHS = NO;
				CLANG_ANALYZER_NONNULL = YES;
				CLANG_ANALYZER_NUMBER_OBJECT_CONVERSION = YES_AGGRESSIVE;
				CLANG_CXX_LANGUAGE_STANDARD = "gnu++14";
				CLANG_CXX_LIBRARY = "libc++";
				CLANG_ENABLE_MODULES = YES;
				CLANG_ENABLE_OBJC_ARC = YES;
				CLANG_WARN_BLOCK_CAPTURE_AUTORELEASING = YES;
				CLANG_WARN_BOOL_CONVERSION = YES;
				CLANG_WARN_COMMA = YES;
				CLANG_WARN_CONSTANT_CONVERSION = YES;
				CLANG_WARN_DEPRECATED_OBJC_IMPLEMENTATIONS = YES;
				CLANG_WARN_DIRECT_OBJC_ISA_USAGE = YES_ERROR;
				CLANG_WARN_DOCUMENTATION_COMMENTS = YES;
				CLANG_WARN_EMPTY_BODY = YES;
				CLANG_WARN_ENUM_CONVERSION = YES;
				CLANG_WARN_INFINITE_RECURSION = YES;
				CLANG_WARN_INT_CONVERSION = YES;
				CLANG_WARN_NON_LITERAL_NULL_CONVERSION = YES;
				CLANG_WARN_OBJC_IMPLICIT_RETAIN_SELF = YES;
				CLANG_WARN_OBJC_LITERAL_CONVERSION = YES;
				CLANG_WARN_OBJC_ROOT_CLASS = YES_ERROR;
				CLANG_WARN_RANGE_LOOP_ANALYSIS = YES;
				CLANG_WARN_STRICT_PROTOTYPES = YES;
				CLANG_WARN_SUSPICIOUS_MOVE = YES;
				CLANG_WARN_UNGUARDED_AVAILABILITY = YES_AGGRESSIVE;
				CLANG_WARN_UNREACHABLE_CODE = YES;
				CLANG_WARN__DUPLICATE_METHOD_MATCH = YES;
				CODE_SIGN_IDENTITY = "iPhone Developer";
				COPY_PHASE_STRIP = NO;
				DEBUG_INFORMATION_FORMAT = dwarf;
				ENABLE_STRICT_OBJC_MSGSEND = YES;
				ENABLE_TESTABILITY = YES;
				GCC_C_LANGUAGE_STANDARD = gnu11;
				GCC_DYNAMIC_NO_PIC = NO;
				GCC_NO_COMMON_BLOCKS = YES;
				GCC_OPTIMIZATION_LEVEL = 0;
				GCC_PREPROCESSOR_DEFINITIONS = (
					"DEBUG=1",
					"$(inherited)",
				);
				GCC_WARN_64_TO_32_BIT_CONVERSION = YES;
				GCC_WARN_ABOUT_RETURN_TYPE = YES_ERROR;
				GCC_WARN_UNDECLARED_SELECTOR = YES;
				GCC_WARN_UNINITIALIZED_AUTOS = YES_AGGRESSIVE;
				GCC_WARN_UNUSED_FUNCTION = YES;
				GCC_WARN_UNUSED_VARIABLE = YES;
				IPHONEOS_DEPLOYMENT_TARGET = 11.0;
				MTL_ENABLE_DEBUG_INFO = YES;
				ONLY_ACTIVE_ARCH = YES;
				SDKROOT = iphoneos;
				SWIFT_ACTIVE_COMPILATION_CONDITIONS = DEBUG;
				SWIFT_OPTIMIZATION_LEVEL = "-Onone";
			};
			name = Debug;
		};
		74B79265202B3254006BCB41 /* Release */ = {
			isa = XCBuildConfiguration;
			buildSettings = {
				ALWAYS_SEARCH_USER_PATHS = NO;
				CLANG_ANALYZER_NONNULL = YES;
				CLANG_ANALYZER_NUMBER_OBJECT_CONVERSION = YES_AGGRESSIVE;
				CLANG_CXX_LANGUAGE_STANDARD = "gnu++14";
				CLANG_CXX_LIBRARY = "libc++";
				CLANG_ENABLE_MODULES = YES;
				CLANG_ENABLE_OBJC_ARC = YES;
				CLANG_WARN_BLOCK_CAPTURE_AUTORELEASING = YES;
				CLANG_WARN_BOOL_CONVERSION = YES;
				CLANG_WARN_COMMA = YES;
				CLANG_WARN_CONSTANT_CONVERSION = YES;
				CLANG_WARN_DEPRECATED_OBJC_IMPLEMENTATIONS = YES;
				CLANG_WARN_DIRECT_OBJC_ISA_USAGE = YES_ERROR;
				CLANG_WARN_DOCUMENTATION_COMMENTS = YES;
				CLANG_WARN_EMPTY_BODY = YES;
				CLANG_WARN_ENUM_CONVERSION = YES;
				CLANG_WARN_INFINITE_RECURSION = YES;
				CLANG_WARN_INT_CONVERSION = YES;
				CLANG_WARN_NON_LITERAL_NULL_CONVERSION = YES;
				CLANG_WARN_OBJC_IMPLICIT_RETAIN_SELF = YES;
				CLANG_WARN_OBJC_LITERAL_CONVERSION = YES;
				CLANG_WARN_OBJC_ROOT_CLASS = YES_ERROR;
				CLANG_WARN_RANGE_LOOP_ANALYSIS = YES;
				CLANG_WARN_STRICT_PROTOTYPES = YES;
				CLANG_WARN_SUSPICIOUS_MOVE = YES;
				CLANG_WARN_UNGUARDED_AVAILABILITY = YES_AGGRESSIVE;
				CLANG_WARN_UNREACHABLE_CODE = YES;
				CLANG_WARN__DUPLICATE_METHOD_MATCH = YES;
				CODE_SIGN_IDENTITY = "iPhone Developer";
				COPY_PHASE_STRIP = NO;
				DEBUG_INFORMATION_FORMAT = "dwarf-with-dsym";
				ENABLE_NS_ASSERTIONS = NO;
				ENABLE_STRICT_OBJC_MSGSEND = YES;
				GCC_C_LANGUAGE_STANDARD = gnu11;
				GCC_NO_COMMON_BLOCKS = YES;
				GCC_WARN_64_TO_32_BIT_CONVERSION = YES;
				GCC_WARN_ABOUT_RETURN_TYPE = YES_ERROR;
				GCC_WARN_UNDECLARED_SELECTOR = YES;
				GCC_WARN_UNINITIALIZED_AUTOS = YES_AGGRESSIVE;
				GCC_WARN_UNUSED_FUNCTION = YES;
				GCC_WARN_UNUSED_VARIABLE = YES;
				IPHONEOS_DEPLOYMENT_TARGET = 11.0;
				MTL_ENABLE_DEBUG_INFO = NO;
				SDKROOT = iphoneos;
				SWIFT_OPTIMIZATION_LEVEL = "-Owholemodule";
				VALIDATE_PRODUCT = YES;
			};
			name = Release;
		};
		74B79267202B3254006BCB41 /* Debug */ = {
			isa = XCBuildConfiguration;
			baseConfigurationReference = 333B526503041405B40250D4 /* Pods-Course2FinalTask.debug.xcconfig */;
			buildSettings = {
				ALWAYS_EMBED_SWIFT_STANDARD_LIBRARIES = YES;
				ASSETCATALOG_COMPILER_APPICON_NAME = AppIcon;
				"CODE_SIGN_IDENTITY[sdk=iphoneos*]" = "iPhone Developer";
				CODE_SIGN_STYLE = Automatic;
				DEVELOPMENT_TEAM = DT77TXF86Y;
				ENABLE_BITCODE = NO;
				FRAMEWORK_SEARCH_PATHS = (
					"$(inherited)",
					"$(PROJECT_DIR)",
				);
				INFOPLIST_FILE = "$(SRCROOT)/Course2FinalTask/Supporting Files/Info.plist";
				LD_RUNPATH_SEARCH_PATHS = "$(inherited) @executable_path/Frameworks";
				PRODUCT_BUNDLE_IDENTIFIER = "com.e-legion.Course2FinalTask";
				PRODUCT_NAME = "$(TARGET_NAME)";
				PROVISIONING_PROFILE_SPECIFIER = "";
				SWIFT_VERSION = 5.0;
				TARGETED_DEVICE_FAMILY = 1;
			};
			name = Debug;
		};
		74B79268202B3254006BCB41 /* Release */ = {
			isa = XCBuildConfiguration;
			baseConfigurationReference = A116E96F136FF082398B82BE /* Pods-Course2FinalTask.release.xcconfig */;
			buildSettings = {
				ALWAYS_EMBED_SWIFT_STANDARD_LIBRARIES = YES;
				ASSETCATALOG_COMPILER_APPICON_NAME = AppIcon;
				"CODE_SIGN_IDENTITY[sdk=iphoneos*]" = "iPhone Developer";
				CODE_SIGN_STYLE = Automatic;
				DEVELOPMENT_TEAM = DT77TXF86Y;
				ENABLE_BITCODE = NO;
				FRAMEWORK_SEARCH_PATHS = (
					"$(inherited)",
					"$(PROJECT_DIR)",
				);
				INFOPLIST_FILE = "$(SRCROOT)/Course2FinalTask/Supporting Files/Info.plist";
				LD_RUNPATH_SEARCH_PATHS = "$(inherited) @executable_path/Frameworks";
				PRODUCT_BUNDLE_IDENTIFIER = "com.e-legion.Course2FinalTask";
				PRODUCT_NAME = "$(TARGET_NAME)";
				PROVISIONING_PROFILE_SPECIFIER = "";
				SWIFT_VERSION = 5.0;
				TARGETED_DEVICE_FAMILY = 1;
			};
			name = Release;
		};
/* End XCBuildConfiguration section */

/* Begin XCConfigurationList section */
		74B7924F202B3254006BCB41 /* Build configuration list for PBXProject "Course2FinalTask" */ = {
			isa = XCConfigurationList;
			buildConfigurations = (
				74B79264202B3254006BCB41 /* Debug */,
				74B79265202B3254006BCB41 /* Release */,
			);
			defaultConfigurationIsVisible = 0;
			defaultConfigurationName = Release;
		};
		74B79266202B3254006BCB41 /* Build configuration list for PBXNativeTarget "Course2FinalTask" */ = {
			isa = XCConfigurationList;
			buildConfigurations = (
				74B79267202B3254006BCB41 /* Debug */,
				74B79268202B3254006BCB41 /* Release */,
			);
			defaultConfigurationIsVisible = 0;
			defaultConfigurationName = Release;
		};
/* End XCConfigurationList section */
	};
	rootObject = 74B7924C202B3254006BCB41 /* Project object */;
}
